
Microsoft Visual Studio Solution File, Format Version 12.00
# Visual Studio Version 17
VisualStudioVersion = 17.13.35931.197 d17.13
MinimumVisualStudioVersion = 10.0.40219.1
Project("{FAE04EC0-301F-11D3-BF4B-00C04F79EFBC}") = "millerjohnson-owen-assignment-1-terminal", "millerjohnson-owen-assignment-1-terminal.csproj", "{75055952-2A25-4CF5-92E4-B32E213418EC}"
EndProject
Global
	GlobalSection(SolutionConfigurationPlatforms) = preSolution
		Debug|Any CPU = Debug|Any CPU
		Release|Any CPU = Release|Any CPU
	EndGlobalSection
	GlobalSection(ProjectConfigurationPlatforms) = postSolution
		{75055952-2A25-4CF5-92E4-B32E213418EC}.Debug|Any CPU.ActiveCfg = Debug|Any CPU
		{75055952-2A25-4CF5-92E4-B32E213418EC}.Debug|Any CPU.Build.0 = Debug|Any CPU
		{75055952-2A25-4CF5-92E4-B32E213418EC}.Release|Any CPU.ActiveCfg = Release|Any CPU
		{75055952-2A25-4CF5-92E4-B32E213418EC}.Release|Any CPU.Build.0 = Release|Any CPU
	EndGlobalSection
	GlobalSection(SolutionProperties) = preSolution
		HideSolutionNode = FALSE
	EndGlobalSection
	GlobalSection(ExtensibilityGlobals) = postSolution
		SolutionGuid = {F35F694A-BA48-49CD-8ACC-F9B1B3772B57}
	EndGlobalSection
EndGlobal
